# This file is automatically @generated by Cargo.
# It is not intended for manual editing.
version = 3

[[package]]
name = "proc-macro2"
version = "0.2.1"
dependencies = [
 "unicode-xid",
]

[[package]]
name = "proc-macro2-2"
version = "0.1.0"
dependencies = [
 "proc-macro2",
]

[[package]]
name = "unicode-xid"
version = "0.1.0"
source = "registry+https://github.com/rust-lang/crates.io-index"
checksum = "fc72304796d0818e357ead4e000d19c9c174ab23dc11093ac919054d20a6a7fc"
