# This file is automatically @generated by Cargo.
# It is not intended for manual editing.
version = 3

[[package]]
name = "crossbeam-epoch"
version = "0.9.18"
dependencies = [
 "crossbeam-utils",
]

[[package]]
name = "crossbeam-skiplist"
version = "0.1.3"
dependencies = [
 "crossbeam-epoch",
 "crossbeam-utils",
]

[[package]]
name = "crossbeam-skiplist-1"
version = "0.1.0"
dependencies = [
 "crossbeam-skiplist",
]

[[package]]
name = "crossbeam-utils"
version = "0.8.19"
